	<Project xmlns="http://schemas.microsoft.com/developer/msbuild/2003">
		<PropertyGroup>
			<ProjectGuid>{209412ac-0ec2-4f63-b92a-e78853ff142a}</ProjectGuid>
			<MainSource>PrepBuild.dpr</MainSource>
			<Configuration Condition=" '$(Configuration)' == '' ">Debug</Configuration>
			<DCC_DCCCompiler>DCC32</DCC_DCCCompiler>
			<DCC_DependencyCheckOutputName>..\PrepBuild.exe</DCC_DependencyCheckOutputName>
			<ProjectVersion>13.4</ProjectVersion>
			<Config Condition="'$(Config)'==''">Debug</Config>
			<Base>True</Base>
			<AppType>Application</AppType>
			<FrameworkType>VCL</FrameworkType>
			<Platform Condition="'$(Platform)'==''">Win32</Platform>
			<TargetedPlatforms>1</TargetedPlatforms>
		</PropertyGroup>
		<PropertyGroup Condition="'$(Config)'=='Base' or '$(Base)'!=''">
			<Base>true</Base>
		</PropertyGroup>
		<PropertyGroup Condition="('$(Platform)'=='Win32' and '$(Base)'=='true') or '$(Base_Win32)'!=''">
			<Base_Win32>true</Base_Win32>
			<CfgParent>Base</CfgParent>
			<Base>true</Base>
		</PropertyGroup>
		<PropertyGroup Condition="'$(Config)'=='Release' or '$(Cfg_1)'!=''">
			<Cfg_1>true</Cfg_1>
			<CfgParent>Base</CfgParent>
			<Base>true</Base>
		</PropertyGroup>
		<PropertyGroup Condition="('$(Platform)'=='Win32' and '$(Cfg_1)'=='true') or '$(Cfg_1_Win32)'!=''">
			<Cfg_1_Win32>true</Cfg_1_Win32>
			<CfgParent>Cfg_1</CfgParent>
			<Cfg_1>true</Cfg_1>
			<Base>true</Base>
		</PropertyGroup>
		<PropertyGroup Condition="'$(Config)'=='Debug' or '$(Cfg_2)'!=''">
			<Cfg_2>true</Cfg_2>
			<CfgParent>Base</CfgParent>
			<Base>true</Base>
		</PropertyGroup>
		<PropertyGroup Condition="('$(Platform)'=='Win32' and '$(Cfg_2)'=='true') or '$(Cfg_2_Win32)'!=''">
			<Cfg_2_Win32>true</Cfg_2_Win32>
			<CfgParent>Cfg_2</CfgParent>
			<Cfg_2>true</Cfg_2>
			<Base>true</Base>
		</PropertyGroup>
		<PropertyGroup Condition="'$(Base)'!=''">
			<Manifest_File>None</Manifest_File>
			<VerInfo_Keys>CompanyName=;FileDescription=;FileVersion=1.0.0.0;InternalName=;LegalCopyright=;LegalTrademarks=;OriginalFilename=;ProductName=;ProductVersion=1.0.0.0;Comments=</VerInfo_Keys>
			<DCC_Namespace>Vcl;Vcl.Imaging;Vcl.Touch;Vcl.Samples;Vcl.Shell;System;Xml;Data;Datasnap;Web;Soap;Winapi;Xml.Win;$(DCC_Namespace)</DCC_Namespace>
			<VerInfo_Locale>2057</VerInfo_Locale>
			<DCC_Define>no_translation;NO_TRANSLATION_HINT;$(DCC_Define)</DCC_Define>
			<DCC_ExeOutput>..</DCC_ExeOutput>
			<DCC_UNIT_PLATFORM>false</DCC_UNIT_PLATFORM>
			<DCC_SYMBOL_PLATFORM>false</DCC_SYMBOL_PLATFORM>
			<DCC_DcuOutput>..\$(Config)\$(Platform)\dcu</DCC_DcuOutput>
			<DCC_UnitSearchPath>..\libs\dzlib\src;..\libs\dzlib\templates;..\libs\jcl\source\include;..\libs\jcl\source\common;..\libs\jcl\source\windows;..\libs\jcl\source\vcl;..\libs\jcl\source\include\jedi;$(DCC_UnitSearchPath)</DCC_UnitSearchPath>
			<DCC_DependencyCheckOutputName>PrepBuild.exe</DCC_DependencyCheckOutputName>
		</PropertyGroup>
		<PropertyGroup Condition="'$(Base_Win32)'!=''">
			<VerInfo_IncludeVerInfo>true</VerInfo_IncludeVerInfo>
			<PreBuildEvent><![CDATA[..\buildtools\prebuild.cmd $(PROJECTPATH)
$(PreBuildEvent)]]></PreBuildEvent>
			<DCC_Namespace>System.Win;Data.Win;Datasnap.Win;Web.Win;Soap.Win;Bde;$(DCC_Namespace)</DCC_Namespace>
			<Debugger_RunParams>--incbuild --readini=testdata\testproject --updateini=testdata\testproject --writerc=testdata\testproject</Debugger_RunParams>
			<VerInfo_Locale>1033</VerInfo_Locale>
			<PostBuildEvent><![CDATA[..\buildtools\postbuild.cmd $(OUTPUTDIR)$(OUTPUTNAME)
$(PostBuildEvent)]]></PostBuildEvent>
		</PropertyGroup>
		<PropertyGroup Condition="'$(Cfg_1)'!=''">
			<DCC_ExeOutput>..</DCC_ExeOutput>
			<Version>7.0</Version>
			<DCC_DebugInformation>False</DCC_DebugInformation>
			<DCC_LocalDebugSymbols>False</DCC_LocalDebugSymbols>
			<DCC_SymbolReferenceInfo>0</DCC_SymbolReferenceInfo>
			<DCC_ObjOutput>dcu</DCC_ObjOutput>
			<DCC_HppOutput>dcu</DCC_HppOutput>
			<DCC_Define>RELEASE;$(DCC_Define)</DCC_Define>
		</PropertyGroup>
		<PropertyGroup Condition="'$(Cfg_1_Win32)'!=''">
			<VerInfo_IncludeVerInfo>true</VerInfo_IncludeVerInfo>
			<VerInfo_Locale>1033</VerInfo_Locale>
		</PropertyGroup>
		<PropertyGroup Condition="'$(Cfg_2)'!=''">
			<DCC_DebugDCUs>true</DCC_DebugDCUs>
			<DCC_DependencyCheckOutputName>..\PrepBuild.exe</DCC_DependencyCheckOutputName>
			<Version>7.0</Version>
			<DCC_Define>DEBUG;$(DCC_Define)</DCC_Define>
			<DCC_ExeOutput>..</DCC_ExeOutput>
			<DCC_ResourcePath>$(BDS)\lib\Debug;..\libs\dzlib\src;..\libs\dztemplates\templates;..\libs\dztemplates\units;..\libs\dzCmdLineParser\src;..\libs\jcl\source;..\libs\jcl\source\common;..\libs\jcl\source\windows;..\libs\jcl\source\vcl;$(DCC_ResourcePath)</DCC_ResourcePath>
			<DCC_ObjPath>$(BDS)\lib\Debug;..\libs\dzlib\src;..\libs\dztemplates\templates;..\libs\dztemplates\units;..\libs\dzCmdLineParser\src;..\libs\jcl\source;..\libs\jcl\source\common;..\libs\jcl\source\windows;..\libs\jcl\source\vcl;$(DCC_ObjPath)</DCC_ObjPath>
			<DCC_IncludePath>$(BDS)\lib\Debug;..\libs\dzlib\src;..\libs\dztemplates\templates;..\libs\dztemplates\units;..\libs\dzCmdLineParser\src;..\libs\jcl\source;..\libs\jcl\source\common;..\libs\jcl\source\windows;..\libs\jcl\source\vcl;$(DCC_IncludePath)</DCC_IncludePath>
			<DCC_SYMBOL_PLATFORM>False</DCC_SYMBOL_PLATFORM>
			<DCC_UNIT_PLATFORM>False</DCC_UNIT_PLATFORM>
			<DCC_Optimize>False</DCC_Optimize>
		</PropertyGroup>
		<PropertyGroup Condition="'$(Cfg_2_Win32)'!=''">
			<Debugger_RunParams>--incbuild --readini=testdata\testproject --updateini=testdata\testproject --writerc=testdata\testproject  --inputmanifest=testdata\testproject.manifest.in --manifest=testdata\testproject --updatemanifest --WriteManifestRc=testdata\testproject</Debugger_RunParams>
			<VerInfo_IncludeVerInfo>true</VerInfo_IncludeVerInfo>
			<VerInfo_Locale>1033</VerInfo_Locale>
		</PropertyGroup>
		<ProjectExtensions>
			<Borland.Personality>Delphi.Personality.12</Borland.Personality>
			<Borland.ProjectType/>
			<BorlandProject>
				<Delphi.Personality>
					<Parameters>
						<Parameters Name="RunParams">--incbuild --readini=testdata\testproject --updateini=testdata\testproject --writerc=testdata\testproject</Parameters>
					</Parameters>
					<VersionInfo>
						<VersionInfo Name="IncludeVerInfo">False</VersionInfo>
						<VersionInfo Name="AutoIncBuild">False</VersionInfo>
						<VersionInfo Name="MajorVer">1</VersionInfo>
						<VersionInfo Name="MinorVer">0</VersionInfo>
						<VersionInfo Name="Release">0</VersionInfo>
						<VersionInfo Name="Build">0</VersionInfo>
						<VersionInfo Name="Debug">False</VersionInfo>
						<VersionInfo Name="PreRelease">False</VersionInfo>
						<VersionInfo Name="Special">False</VersionInfo>
						<VersionInfo Name="Private">False</VersionInfo>
						<VersionInfo Name="DLL">False</VersionInfo>
						<VersionInfo Name="Locale">2057</VersionInfo>
						<VersionInfo Name="CodePage">1252</VersionInfo>
					</VersionInfo>
					<Excluded_Packages>
						<Excluded_Packages Name="$(BDSBIN)\bcboffice2k160.bpl">Embarcadero C++Builder Office 2000 Servers Package</Excluded_Packages>
						<Excluded_Packages Name="$(BDSBIN)\bcbofficexp160.bpl">Embarcadero C++Builder Office XP Servers Package</Excluded_Packages>
						<Excluded_Packages Name="$(BDSBIN)\dcloffice2k160.bpl">Microsoft Office 2000 Sample Automation Server Wrapper Components</Excluded_Packages>
						<Excluded_Packages Name="$(BDSBIN)\dclofficexp160.bpl">Microsoft Office XP Sample Automation Server Wrapper Components</Excluded_Packages>
					</Excluded_Packages>
					<Source>
						<Source Name="MainSource">PrepBuild.dpr</Source>
					</Source>
					<VersionInfoKeys>
						<VersionInfoKeys Name="CompanyName"/>
						<VersionInfoKeys Name="FileDescription"/>
						<VersionInfoKeys Name="FileVersion">1.0.0.0</VersionInfoKeys>
						<VersionInfoKeys Name="InternalName"/>
						<VersionInfoKeys Name="LegalCopyright"/>
						<VersionInfoKeys Name="LegalTrademarks"/>
						<VersionInfoKeys Name="OriginalFilename"/>
						<VersionInfoKeys Name="ProductName"/>
						<VersionInfoKeys Name="ProductVersion">1.0.0.0</VersionInfoKeys>
						<VersionInfoKeys Name="Comments"/>
					</VersionInfoKeys>
				</Delphi.Personality>
				<ModelSupport>False</ModelSupport>
				<Platforms>
					<Platform value="Win64">False</Platform>
					<Platform value="Win32">True</Platform>
				</Platforms>
			</BorlandProject>
			<ProjectFileVersion>12</ProjectFileVersion>
		</ProjectExtensions>
		<ItemGroup>
			<DelphiCompile Include="$(MainSource)">
				<MainSource>MainSource</MainSource>
			</DelphiCompile>
			<DCCReference Include="d_XmlVersionInfo.pas">
				<Form>dm_XmlVersionInfo</Form>
				<DesignClass>TDataModule</DesignClass>
			</DCCReference>
			<DCCReference Include="d_DprojVersionInfo.pas">
				<Form>dm_DprojVersionInfo</Form>
				<DesignClass>TDataModule</DesignClass>
			</DCCReference>
			<DCCReference Include="d_BdsProjVersionInfo.pas">
				<Form>dm_BdsProjVersionInfo</Form>
				<DesignClass>TDataModule</DesignClass>
			</DCCReference>
			<DCCReference Include="d_ManifestVersionInfo.pas">
				<Form>dm_ManifestVersionInfo</Form>
				<DesignClass>TDataModule</DesignClass>
			</DCCReference>
			<DCCReference Include="i_VersionInfoAccess.pas"/>
			<DCCReference Include="u_DofVersionInfo.pas"/>
			<DCCReference Include="u_IniVersionInfo.pas"/>
			<DCCReference Include="u_CentralIniVersionInfo.pas"/>
			<DCCReference Include="u_PrepBuildMain.pas"/>
			<DCCReference Include="u_VersionInfo.pas"/>
			<DCCReference Include="..\libs\dzlib\forms\w_dzDialog.pas">
				<Form>f_dzDialog</Form>
			</DCCReference>
			<DCCReference Include="..\libs\dzlib\src\u_dzDefaultMain.pas"/>
			<BuildConfiguration Include="Debug">
				<Key>Cfg_2</Key>
				<CfgParent>Base</CfgParent>
			</BuildConfiguration>
			<BuildConfiguration Include="Base">
				<Key>Base</Key>
			</BuildConfiguration>
			<BuildConfiguration Include="Release">
				<Key>Cfg_1</Key>
				<CfgParent>Base</CfgParent>
			</BuildConfiguration>
		</ItemGroup>
		<Import Condition="Exists('$(BDS)\Bin\CodeGear.Delphi.Targets')" Project="$(BDS)\Bin\CodeGear.Delphi.Targets"/>
		<Import Condition="Exists('$(APPDATA)\Embarcadero\$(BDSAPPDATABASEDIR)\8.0\UserTools.proj')" Project="$(APPDATA)\Embarcadero\$(BDSAPPDATABASEDIR)\8.0\UserTools.proj"/>
		<Import Condition="Exists('$(APPDATA)\Embarcadero\$(BDSAPPDATABASEDIR)\$(PRODUCTVERSION)\UserTools.proj')" Project="$(APPDATA)\Embarcadero\$(BDSAPPDATABASEDIR)\$(PRODUCTVERSION)\UserTools.proj"/>
		<PropertyGroup Condition="'$(Config)'=='Release' And '$(Platform)'=='Win32'">
			<PreBuildEvent>..\buildtools\prebuild.cmd $(PROJECTPATH)</PreBuildEvent>
			<PreBuildEventIgnoreExitCode>False</PreBuildEventIgnoreExitCode>
			<PreLinkEvent/>
			<PreLinkEventIgnoreExitCode>False</PreLinkEventIgnoreExitCode>
			<PostBuildEvent>..\buildtools\postbuild.cmd $(OUTPUTDIR)$(OUTPUTNAME)</PostBuildEvent>
			<PostBuildEventIgnoreExitCode>False</PostBuildEventIgnoreExitCode>
		</PropertyGroup>
		<PropertyGroup Condition="'$(Config)'=='Debug' And '$(Platform)'=='Win32'">
			<PreBuildEvent>..\buildtools\prebuild.cmd $(PROJECTPATH)</PreBuildEvent>
			<PreBuildEventIgnoreExitCode>False</PreBuildEventIgnoreExitCode>
			<PreLinkEvent/>
			<PreLinkEventIgnoreExitCode>False</PreLinkEventIgnoreExitCode>
			<PostBuildEvent>..\buildtools\postbuild.cmd $(OUTPUTDIR)$(OUTPUTNAME)</PostBuildEvent>
			<PostBuildEventIgnoreExitCode>False</PostBuildEventIgnoreExitCode>
		</PropertyGroup>
	</Project>
